{
  "name": "@dabble/linear-cli",
  "version": "1.0.4",
  "lockfileVersion": 3,
  "requires": true,
  "packages": {
    "": {
      "name": "@dabble/linear-cli",
      "version": "1.0.4",
      "hasInstallScript": true,
      "license": "MIT",
      "bin": {
        "linear": "bin/linear.mjs"
      },
      "engines": {
        "node": ">=18.0.0"
      }
    }
  }
}
